
Microsoft Visual Studio Solution File, Format Version 12.00
# Visual Studio Version 16
VisualStudioVersion = 16.0.31321.278
MinimumVisualStudioVersion = 10.0.40219.1
Project("{9A19103F-16F7-4668-BE54-9A1E7A4F7556}") = "Exe1", "Exe1\Exe1.csproj", "{B7869C3B-0501-4CB3-B68F-2CC06107B262}"
EndProject
Project("{9A19103F-16F7-4668-BE54-9A1E7A4F7556}") = "Exe2", "Exe2\Exe2.csproj", "{1AF0D679-2E29-45FE-BBA7-F5484F2675D1}"
EndProject
Project("{9A19103F-16F7-4668-BE54-9A1E7A4F7556}") = "Exe3", "Exe3\Exe3.csproj", "{EE740393-8687-4ED8-8937-9D31CE7530E3}"
EndProject
Project("{9A19103F-16F7-4668-BE54-9A1E7A4F7556}") = "Exe4", "Exe4\Exe4.csproj", "{55E06E85-0E53-4087-A1F4-A53F844EEA20}"
EndProject
Project("{9A19103F-16F7-4668-BE54-9A1E7A4F7556}") = "Exe5", "Exe5\Exe5.csproj", "{D0C063BD-2798-4015-A137-B09067E48215}"
EndProject
Project("{9A19103F-16F7-4668-BE54-9A1E7A4F7556}") = "Exe6", "Exe6\Exe6.csproj", "{E2E33096-89EB-4318-BC68-9FF5828F6DFE}"
EndProject
Project("{9A19103F-16F7-4668-BE54-9A1E7A4F7556}") = "Exe7", "Exe7\Exe7.csproj", "{15D24CEF-622E-43A8-BCF1-D6E9CA3B565F}"
EndProject
Project("{9A19103F-16F7-4668-BE54-9A1E7A4F7556}") = "Exe8", "Exe8\Exe8.csproj", "{57D7D63C-C06D-4F44-B1B2-7BF6679E7A41}"
EndProject
Project("{9A19103F-16F7-4668-BE54-9A1E7A4F7556}") = "Exe9", "Exe9\Exe9.csproj", "{5CA38309-D6DD-4053-85C9-D03DE1317467}"
EndProject
Project("{9A19103F-16F7-4668-BE54-9A1E7A4F7556}") = "Exe10", "Exe10\Exe10.csproj", "{0A2F2833-4424-48FC-8C9C-5BCC9EB9D69A}"
EndProject
Project("{FAE04EC0-301F-11D3-BF4B-00C04F79EFBC}") = "Exe11", "Exe11\Exe11.csproj", "{CE30DD3E-5B7A-4421-981B-B7D70B280074}"
EndProject
Project("{FAE04EC0-301F-11D3-BF4B-00C04F79EFBC}") = "Exe12", "Exe12\Exe12.csproj", "{418BCE13-065E-493A-870C-FE23CCE3CAA6}"
EndProject
Project("{FAE04EC0-301F-11D3-BF4B-00C04F79EFBC}") = "Exe13", "Exe13\Exe13.csproj", "{3F019663-834E-44C8-8001-DAA90218A0C9}"
EndProject
Project("{FAE04EC0-301F-11D3-BF4B-00C04F79EFBC}") = "Exe14", "Exe14\Exe14.csproj", "{7D247D16-0C19-41B1-9F18-02851696ADEA}"
EndProject
Project("{FAE04EC0-301F-11D3-BF4B-00C04F79EFBC}") = "Exe15", "Exe15\Exe15.csproj", "{D3E434D2-009B-4195-BC24-11B8210AE354}"
EndProject
Global
	GlobalSection(SolutionConfigurationPlatforms) = preSolution
		Debug|Any CPU = Debug|Any CPU
		Release|Any CPU = Release|Any CPU
	EndGlobalSection
	GlobalSection(ProjectConfigurationPlatforms) = postSolution
		{B7869C3B-0501-4CB3-B68F-2CC06107B262}.Debug|Any CPU.ActiveCfg = Debug|Any CPU
		{B7869C3B-0501-4CB3-B68F-2CC06107B262}.Debug|Any CPU.Build.0 = Debug|Any CPU
		{B7869C3B-0501-4CB3-B68F-2CC06107B262}.Release|Any CPU.ActiveCfg = Release|Any CPU
		{B7869C3B-0501-4CB3-B68F-2CC06107B262}.Release|Any CPU.Build.0 = Release|Any CPU
		{1AF0D679-2E29-45FE-BBA7-F5484F2675D1}.Debug|Any CPU.ActiveCfg = Debug|Any CPU
		{1AF0D679-2E29-45FE-BBA7-F5484F2675D1}.Debug|Any CPU.Build.0 = Debug|Any CPU
		{1AF0D679-2E29-45FE-BBA7-F5484F2675D1}.Release|Any CPU.ActiveCfg = Release|Any CPU
		{1AF0D679-2E29-45FE-BBA7-F5484F2675D1}.Release|Any CPU.Build.0 = Release|Any CPU
		{EE740393-8687-4ED8-8937-9D31CE7530E3}.Debug|Any CPU.ActiveCfg = Debug|Any CPU
		{EE740393-8687-4ED8-8937-9D31CE7530E3}.Debug|Any CPU.Build.0 = Debug|Any CPU
		{EE740393-8687-4ED8-8937-9D31CE7530E3}.Release|Any CPU.ActiveCfg = Release|Any CPU
		{EE740393-8687-4ED8-8937-9D31CE7530E3}.Release|Any CPU.Build.0 = Release|Any CPU
		{55E06E85-0E53-4087-A1F4-A53F844EEA20}.Debug|Any CPU.ActiveCfg = Debug|Any CPU
		{55E06E85-0E53-4087-A1F4-A53F844EEA20}.Debug|Any CPU.Build.0 = Debug|Any CPU
		{55E06E85-0E53-4087-A1F4-A53F844EEA20}.Release|Any CPU.ActiveCfg = Release|Any CPU
		{55E06E85-0E53-4087-A1F4-A53F844EEA20}.Release|Any CPU.Build.0 = Release|Any CPU
		{D0C063BD-2798-4015-A137-B09067E48215}.Debug|Any CPU.ActiveCfg = Debug|Any CPU
		{D0C063BD-2798-4015-A137-B09067E48215}.Debug|Any CPU.Build.0 = Debug|Any CPU
		{D0C063BD-2798-4015-A137-B09067E48215}.Release|Any CPU.ActiveCfg = Release|Any CPU
		{D0C063BD-2798-4015-A137-B09067E48215}.Release|Any CPU.Build.0 = Release|Any CPU
		{E2E33096-89EB-4318-BC68-9FF5828F6DFE}.Debug|Any CPU.ActiveCfg = Debug|Any CPU
		{E2E33096-89EB-4318-BC68-9FF5828F6DFE}.Debug|Any CPU.Build.0 = Debug|Any CPU
		{E2E33096-89EB-4318-BC68-9FF5828F6DFE}.Release|Any CPU.ActiveCfg = Release|Any CPU
		{E2E33096-89EB-4318-BC68-9FF5828F6DFE}.Release|Any CPU.Build.0 = Release|Any CPU
		{15D24CEF-622E-43A8-BCF1-D6E9CA3B565F}.Debug|Any CPU.ActiveCfg = Debug|Any CPU
		{15D24CEF-622E-43A8-BCF1-D6E9CA3B565F}.Debug|Any CPU.Build.0 = Debug|Any CPU
		{15D24CEF-622E-43A8-BCF1-D6E9CA3B565F}.Release|Any CPU.ActiveCfg = Release|Any CPU
		{15D24CEF-622E-43A8-BCF1-D6E9CA3B565F}.Release|Any CPU.Build.0 = Release|Any CPU
		{57D7D63C-C06D-4F44-B1B2-7BF6679E7A41}.Debug|Any CPU.ActiveCfg = Debug|Any CPU
		{57D7D63C-C06D-4F44-B1B2-7BF6679E7A41}.Debug|Any CPU.Build.0 = Debug|Any CPU
		{57D7D63C-C06D-4F44-B1B2-7BF6679E7A41}.Release|Any CPU.ActiveCfg = Release|Any CPU
		{57D7D63C-C06D-4F44-B1B2-7BF6679E7A41}.Release|Any CPU.Build.0 = Release|Any CPU
		{5CA38309-D6DD-4053-85C9-D03DE1317467}.Debug|Any CPU.ActiveCfg = Debug|Any CPU
		{5CA38309-D6DD-4053-85C9-D03DE1317467}.Debug|Any CPU.Build.0 = Debug|Any CPU
		{5CA38309-D6DD-4053-85C9-D03DE1317467}.Release|Any CPU.ActiveCfg = Release|Any CPU
		{5CA38309-D6DD-4053-85C9-D03DE1317467}.Release|Any CPU.Build.0 = Release|Any CPU
		{0A2F2833-4424-48FC-8C9C-5BCC9EB9D69A}.Debug|Any CPU.ActiveCfg = Debug|Any CPU
		{0A2F2833-4424-48FC-8C9C-5BCC9EB9D69A}.Debug|Any CPU.Build.0 = Debug|Any CPU
		{0A2F2833-4424-48FC-8C9C-5BCC9EB9D69A}.Release|Any CPU.ActiveCfg = Release|Any CPU
		{0A2F2833-4424-48FC-8C9C-5BCC9EB9D69A}.Release|Any CPU.Build.0 = Release|Any CPU
		{CE30DD3E-5B7A-4421-981B-B7D70B280074}.Debug|Any CPU.ActiveCfg = Debug|Any CPU
		{CE30DD3E-5B7A-4421-981B-B7D70B280074}.Debug|Any CPU.Build.0 = Debug|Any CPU
		{CE30DD3E-5B7A-4421-981B-B7D70B280074}.Release|Any CPU.ActiveCfg = Release|Any CPU
		{CE30DD3E-5B7A-4421-981B-B7D70B280074}.Release|Any CPU.Build.0 = Release|Any CPU
		{418BCE13-065E-493A-870C-FE23CCE3CAA6}.Debug|Any CPU.ActiveCfg = Debug|Any CPU
		{418BCE13-065E-493A-870C-FE23CCE3CAA6}.Debug|Any CPU.Build.0 = Debug|Any CPU
		{418BCE13-065E-493A-870C-FE23CCE3CAA6}.Release|Any CPU.ActiveCfg = Release|Any CPU
		{418BCE13-065E-493A-870C-FE23CCE3CAA6}.Release|Any CPU.Build.0 = Release|Any CPU
		{3F019663-834E-44C8-8001-DAA90218A0C9}.Debug|Any CPU.ActiveCfg = Debug|Any CPU
		{3F019663-834E-44C8-8001-DAA90218A0C9}.Debug|Any CPU.Build.0 = Debug|Any CPU
		{3F019663-834E-44C8-8001-DAA90218A0C9}.Release|Any CPU.ActiveCfg = Release|Any CPU
		{3F019663-834E-44C8-8001-DAA90218A0C9}.Release|Any CPU.Build.0 = Release|Any CPU
		{7D247D16-0C19-41B1-9F18-02851696ADEA}.Debug|Any CPU.ActiveCfg = Debug|Any CPU
		{7D247D16-0C19-41B1-9F18-02851696ADEA}.Debug|Any CPU.Build.0 = Debug|Any CPU
		{7D247D16-0C19-41B1-9F18-02851696ADEA}.Release|Any CPU.ActiveCfg = Release|Any CPU
		{7D247D16-0C19-41B1-9F18-02851696ADEA}.Release|Any CPU.Build.0 = Release|Any CPU
		{D3E434D2-009B-4195-BC24-11B8210AE354}.Debug|Any CPU.ActiveCfg = Debug|Any CPU
		{D3E434D2-009B-4195-BC24-11B8210AE354}.Debug|Any CPU.Build.0 = Debug|Any CPU
		{D3E434D2-009B-4195-BC24-11B8210AE354}.Release|Any CPU.ActiveCfg = Release|Any CPU
		{D3E434D2-009B-4195-BC24-11B8210AE354}.Release|Any CPU.Build.0 = Release|Any CPU
	EndGlobalSection
	GlobalSection(SolutionProperties) = preSolution
		HideSolutionNode = FALSE
	EndGlobalSection
	GlobalSection(ExtensibilityGlobals) = postSolution
		SolutionGuid = {5B8DA07A-2A1C-4000-84C4-791417DC725E}
	EndGlobalSection
EndGlobal
